
Microsoft Visual Studio Solution File, Format Version 12.00
# Visual Studio Version 17
VisualStudioVersion = 17.2.32630.192
MinimumVisualStudioVersion = 10.0.40219.1
Project("{FAE04EC0-301F-11D3-BF4B-00C04F79EFBC}") = "Arrays", "Arrays\Arrays.csproj", "{DA853E5F-4FC1-46CD-B87D-08157A3D8F98}"
EndProject
Global
	GlobalSection(SolutionConfigurationPlatforms) = preSolution
		Debug|Any CPU = Debug|Any CPU
		Release|Any CPU = Release|Any CPU
	EndGlobalSection
	GlobalSection(ProjectConfigurationPlatforms) = postSolution
		{DA853E5F-4FC1-46CD-B87D-08157A3D8F98}.Debug|Any CPU.ActiveCfg = Debug|Any CPU
		{DA853E5F-4FC1-46CD-B87D-08157A3D8F98}.Debug|Any CPU.Build.0 = Debug|Any CPU
		{DA853E5F-4FC1-46CD-B87D-08157A3D8F98}.Release|Any CPU.ActiveCfg = Release|Any CPU
		{DA853E5F-4FC1-46CD-B87D-08157A3D8F98}.Release|Any CPU.Build.0 = Release|Any CPU
	EndGlobalSection
	GlobalSection(SolutionProperties) = preSolution
		HideSolutionNode = FALSE
	EndGlobalSection
	GlobalSection(ExtensibilityGlobals) = postSolution
		SolutionGuid = {B7E0F902-90BE-490D-861B-BE79E4F083F4}
	EndGlobalSection
EndGlobal
